
Microsoft Visual Studio Solution File, Format Version 12.00
# Visual Studio 14
VisualStudioVersion = 14.0.25420.1
MinimumVisualStudioVersion = 10.0.40219.1
Project("{FAE04EC0-301F-11D3-BF4B-00C04F79EFBC}") = "Snake", "Snake\Snake.csproj", "{516C0107-5930-49E2-BFA4-59AC33E07B56}"
EndProject
Project("{FAE04EC0-301F-11D3-BF4B-00C04F79EFBC}") = "SnakeTests", "SnakeTest\SnakeTests.csproj", "{27002599-DC52-4382-9FB3-06FDDCDBAF93}"
EndProject
Global
	GlobalSection(SolutionConfigurationPlatforms) = preSolution
		Debug|Any CPU = Debug|Any CPU
		Release|Any CPU = Release|Any CPU
	EndGlobalSection
	GlobalSection(ProjectConfigurationPlatforms) = postSolution
		{516C0107-5930-49E2-BFA4-59AC33E07B56}.Debug|Any CPU.ActiveCfg = Debug|Any CPU
		{516C0107-5930-49E2-BFA4-59AC33E07B56}.Debug|Any CPU.Build.0 = Debug|Any CPU
		{516C0107-5930-49E2-BFA4-59AC33E07B56}.Release|Any CPU.ActiveCfg = Release|Any CPU
		{516C0107-5930-49E2-BFA4-59AC33E07B56}.Release|Any CPU.Build.0 = Release|Any CPU
		{27002599-DC52-4382-9FB3-06FDDCDBAF93}.Debug|Any CPU.ActiveCfg = Debug|Any CPU
		{27002599-DC52-4382-9FB3-06FDDCDBAF93}.Debug|Any CPU.Build.0 = Debug|Any CPU
		{27002599-DC52-4382-9FB3-06FDDCDBAF93}.Release|Any CPU.ActiveCfg = Release|Any CPU
		{27002599-DC52-4382-9FB3-06FDDCDBAF93}.Release|Any CPU.Build.0 = Release|Any CPU
	EndGlobalSection
	GlobalSection(SolutionProperties) = preSolution
		HideSolutionNode = FALSE
	EndGlobalSection
EndGlobal
